
Microsoft Visual Studio Solution File, Format Version 12.00
# Visual Studio Version 17
VisualStudioVersion = 17.4.33213.308
MinimumVisualStudioVersion = 10.0.40219.1
Project("{FAE04EC0-301F-11D3-BF4B-00C04F79EFBC}") = "bányató", "bányató\bányató.csproj", "{B9AD38DB-5ABF-4B5C-8D6D-103893BBDAE9}"
EndProject
Global
	GlobalSection(SolutionConfigurationPlatforms) = preSolution
		Debug|Any CPU = Debug|Any CPU
		Release|Any CPU = Release|Any CPU
	EndGlobalSection
	GlobalSection(ProjectConfigurationPlatforms) = postSolution
		{B9AD38DB-5ABF-4B5C-8D6D-103893BBDAE9}.Debug|Any CPU.ActiveCfg = Debug|Any CPU
		{B9AD38DB-5ABF-4B5C-8D6D-103893BBDAE9}.Debug|Any CPU.Build.0 = Debug|Any CPU
		{B9AD38DB-5ABF-4B5C-8D6D-103893BBDAE9}.Release|Any CPU.ActiveCfg = Release|Any CPU
		{B9AD38DB-5ABF-4B5C-8D6D-103893BBDAE9}.Release|Any CPU.Build.0 = Release|Any CPU
	EndGlobalSection
	GlobalSection(SolutionProperties) = preSolution
		HideSolutionNode = FALSE
	EndGlobalSection
	GlobalSection(ExtensibilityGlobals) = postSolution
		SolutionGuid = {17C266D9-9C25-4AA3-B9A0-D5A6828D8C8E}
	EndGlobalSection
EndGlobal
